github.com/doom160/investment-tracker/equity v0.0.0-20210906144311-c5345495de18 h1:6as8xUrDxCzCLJ4OVzUJE4Qi8tFV0vrtuQt32CEzcls=
github.com/doom160/investment-tracker/equity v0.0.0-20210906144311-c5345495de18/go.mod h1:LmIPuIetGN++5hCIIH6EaygLuuoDAoYuoco3lf7JbvM=
github.com/fxtlabs/date v0.0.0-20150819233934-d9ab6e2a88a9 h1:NERIc41aohgojUAgWCCnN5B8dIXZsBo2UC04LR3tbao=
github.com/fxtlabs/date v0.0.0-20150819233934-d9ab6e2a88a9/go.mod h1:UoIEyXCyEJ1Zu3ejiUOSngl9U5Oe9S+qaNiYiUex2nk=
